
Microsoft Visual Studio Solution File, Format Version 12.00
# Visual Studio Version 17
VisualStudioVersion = 17.11.35303.130
MinimumVisualStudioVersion = 10.0.40219.1
Project("{9A19103F-16F7-4668-BE54-9A1E7A4F7556}") = "Futebol.Shared", "Futebol.Shared\Futebol.Shared.csproj", "{30BF425A-B88E-4048-8A26-3CE6FEB23CD4}"
EndProject
Project("{9A19103F-16F7-4668-BE54-9A1E7A4F7556}") = "Futebol.Api", "Futebol.Api\Futebol.Api.csproj", "{4E663EF9-C1CC-445A-939C-59BBA17D1AE6}"
EndProject
Project("{9A19103F-16F7-4668-BE54-9A1E7A4F7556}") = "Futebol.Web", "Futebol.Web\Futebol.Web.csproj", "{98B9A6A9-2C84-4E50-98B7-1410DA46EA2B}"
EndProject
Global
	GlobalSection(SolutionConfigurationPlatforms) = preSolution
		Debug|Any CPU = Debug|Any CPU
		Release|Any CPU = Release|Any CPU
	EndGlobalSection
	GlobalSection(ProjectConfigurationPlatforms) = postSolution
		{30BF425A-B88E-4048-8A26-3CE6FEB23CD4}.Debug|Any CPU.ActiveCfg = Debug|Any CPU
		{30BF425A-B88E-4048-8A26-3CE6FEB23CD4}.Debug|Any CPU.Build.0 = Debug|Any CPU
		{30BF425A-B88E-4048-8A26-3CE6FEB23CD4}.Release|Any CPU.ActiveCfg = Release|Any CPU
		{30BF425A-B88E-4048-8A26-3CE6FEB23CD4}.Release|Any CPU.Build.0 = Release|Any CPU
		{4E663EF9-C1CC-445A-939C-59BBA17D1AE6}.Debug|Any CPU.ActiveCfg = Debug|Any CPU
		{4E663EF9-C1CC-445A-939C-59BBA17D1AE6}.Debug|Any CPU.Build.0 = Debug|Any CPU
		{4E663EF9-C1CC-445A-939C-59BBA17D1AE6}.Release|Any CPU.ActiveCfg = Release|Any CPU
		{4E663EF9-C1CC-445A-939C-59BBA17D1AE6}.Release|Any CPU.Build.0 = Release|Any CPU
		{98B9A6A9-2C84-4E50-98B7-1410DA46EA2B}.Debug|Any CPU.ActiveCfg = Debug|Any CPU
		{98B9A6A9-2C84-4E50-98B7-1410DA46EA2B}.Debug|Any CPU.Build.0 = Debug|Any CPU
		{98B9A6A9-2C84-4E50-98B7-1410DA46EA2B}.Release|Any CPU.ActiveCfg = Release|Any CPU
		{98B9A6A9-2C84-4E50-98B7-1410DA46EA2B}.Release|Any CPU.Build.0 = Release|Any CPU
	EndGlobalSection
	GlobalSection(SolutionProperties) = preSolution
		HideSolutionNode = FALSE
	EndGlobalSection
	GlobalSection(ExtensibilityGlobals) = postSolution
		SolutionGuid = {F1364647-6AAE-4E92-924E-32EEB8410D39}
	EndGlobalSection
EndGlobal
