
Microsoft Visual Studio Solution File, Format Version 12.00
# Visual Studio Version 17
VisualStudioVersion = 17.2.32616.157
MinimumVisualStudioVersion = 10.0.40219.1
Project("{2150E333-8FDC-42A3-9474-1A3956D46DE8}") = "src", "src", "{50C61B40-1F1C-4E57-AB37-84C4887E330F}"
EndProject
Project("{2150E333-8FDC-42A3-9474-1A3956D46DE8}") = "Application", "Application", "{B123B305-BDAA-48F4-A7B8-5B0CD47357F2}"
EndProject
Project("{2150E333-8FDC-42A3-9474-1A3956D46DE8}") = "Domain", "Domain", "{E1047ED7-6260-4DA7-97D7-6F71EA504FEE}"
EndProject
Project("{2150E333-8FDC-42A3-9474-1A3956D46DE8}") = "Infrastructure", "Infrastructure", "{79608B2B-B59A-4DA9-AA1E-4BD098614AF1}"
EndProject
Project("{2150E333-8FDC-42A3-9474-1A3956D46DE8}") = "Presentation", "Presentation", "{6C234B0C-8425-4378-8B89-1087EFF4B814}"
EndProject
Project("{2150E333-8FDC-42A3-9474-1A3956D46DE8}") = "Persistence", "Persistence", "{7A47CD05-BAC0-42A3-A93D-8CEB469BD0F4}"
EndProject
Project("{9A19103F-16F7-4668-BE54-9A1E7A4F7556}") = "Futebol.Application", "src\Futebol.Application\Futebol.Application.csproj", "{E05C80DC-1D79-4A43-BEC3-034214F7EC3F}"
EndProject
Project("{9A19103F-16F7-4668-BE54-9A1E7A4F7556}") = "Futebol.Domain", "src\Futebol.Domain\Futebol.Domain.csproj", "{8EE58342-5777-4A54-8E85-60CCF5CA1218}"
EndProject
Project("{9A19103F-16F7-4668-BE54-9A1E7A4F7556}") = "Futebol.Infrastructure", "src\Futebol.Infrastructure\Futebol.Infrastructure.csproj", "{CD0AA08D-1E94-4DAD-A784-106E36F777E0}"
EndProject
Project("{9A19103F-16F7-4668-BE54-9A1E7A4F7556}") = "Futebol.Persistence", "src\Futebol.Persistence\Futebol.Persistence.csproj", "{389874F0-CB9D-49AC-9C35-D2FD8C7397EC}"
EndProject
Project("{9A19103F-16F7-4668-BE54-9A1E7A4F7556}") = "Futebol.Web.Core", "src\Futebol.Web.Core\Futebol.Web.Core.csproj", "{CE275D73-62D9-48C4-AE75-CC451ED6237D}"
EndProject
Project("{9A19103F-16F7-4668-BE54-9A1E7A4F7556}") = "Futebol.Web.Api", "src\Futebol.Web.Api\Futebol.Web.Api.csproj", "{D967D9E0-4BBA-41CE-8EB8-FDBFBFA95535}"
EndProject
Project("{9A19103F-16F7-4668-BE54-9A1E7A4F7556}") = "Futebol.Shared", "src\Futebol.Shared\Futebol.Shared.csproj", "{A41B6D72-47C1-4B1A-BD3E-0862566CBF51}"
EndProject
Project("{9A19103F-16F7-4668-BE54-9A1E7A4F7556}") = "Futebol.Web.Blazor", "src\Futebol.Web.Blazor\Futebol.Web.Blazor.csproj", "{4B15AC37-CD86-4F50-84DE-115301AE209D}"
EndProject
Global
	GlobalSection(SolutionConfigurationPlatforms) = preSolution
		Debug|Any CPU = Debug|Any CPU
		Release|Any CPU = Release|Any CPU
	EndGlobalSection
	GlobalSection(ProjectConfigurationPlatforms) = postSolution
		{E05C80DC-1D79-4A43-BEC3-034214F7EC3F}.Debug|Any CPU.ActiveCfg = Debug|Any CPU
		{E05C80DC-1D79-4A43-BEC3-034214F7EC3F}.Debug|Any CPU.Build.0 = Debug|Any CPU
		{E05C80DC-1D79-4A43-BEC3-034214F7EC3F}.Release|Any CPU.ActiveCfg = Release|Any CPU
		{E05C80DC-1D79-4A43-BEC3-034214F7EC3F}.Release|Any CPU.Build.0 = Release|Any CPU
		{8EE58342-5777-4A54-8E85-60CCF5CA1218}.Debug|Any CPU.ActiveCfg = Debug|Any CPU
		{8EE58342-5777-4A54-8E85-60CCF5CA1218}.Debug|Any CPU.Build.0 = Debug|Any CPU
		{8EE58342-5777-4A54-8E85-60CCF5CA1218}.Release|Any CPU.ActiveCfg = Release|Any CPU
		{8EE58342-5777-4A54-8E85-60CCF5CA1218}.Release|Any CPU.Build.0 = Release|Any CPU
		{CD0AA08D-1E94-4DAD-A784-106E36F777E0}.Debug|Any CPU.ActiveCfg = Debug|Any CPU
		{CD0AA08D-1E94-4DAD-A784-106E36F777E0}.Debug|Any CPU.Build.0 = Debug|Any CPU
		{CD0AA08D-1E94-4DAD-A784-106E36F777E0}.Release|Any CPU.ActiveCfg = Release|Any CPU
		{CD0AA08D-1E94-4DAD-A784-106E36F777E0}.Release|Any CPU.Build.0 = Release|Any CPU
		{389874F0-CB9D-49AC-9C35-D2FD8C7397EC}.Debug|Any CPU.ActiveCfg = Debug|Any CPU
		{389874F0-CB9D-49AC-9C35-D2FD8C7397EC}.Debug|Any CPU.Build.0 = Debug|Any CPU
		{389874F0-CB9D-49AC-9C35-D2FD8C7397EC}.Release|Any CPU.ActiveCfg = Release|Any CPU
		{389874F0-CB9D-49AC-9C35-D2FD8C7397EC}.Release|Any CPU.Build.0 = Release|Any CPU
		{CE275D73-62D9-48C4-AE75-CC451ED6237D}.Debug|Any CPU.ActiveCfg = Debug|Any CPU
		{CE275D73-62D9-48C4-AE75-CC451ED6237D}.Debug|Any CPU.Build.0 = Debug|Any CPU
		{CE275D73-62D9-48C4-AE75-CC451ED6237D}.Release|Any CPU.ActiveCfg = Release|Any CPU
		{CE275D73-62D9-48C4-AE75-CC451ED6237D}.Release|Any CPU.Build.0 = Release|Any CPU
		{D967D9E0-4BBA-41CE-8EB8-FDBFBFA95535}.Debug|Any CPU.ActiveCfg = Debug|Any CPU
		{D967D9E0-4BBA-41CE-8EB8-FDBFBFA95535}.Debug|Any CPU.Build.0 = Debug|Any CPU
		{D967D9E0-4BBA-41CE-8EB8-FDBFBFA95535}.Release|Any CPU.ActiveCfg = Release|Any CPU
		{D967D9E0-4BBA-41CE-8EB8-FDBFBFA95535}.Release|Any CPU.Build.0 = Release|Any CPU
		{A41B6D72-47C1-4B1A-BD3E-0862566CBF51}.Debug|Any CPU.ActiveCfg = Debug|Any CPU
		{A41B6D72-47C1-4B1A-BD3E-0862566CBF51}.Debug|Any CPU.Build.0 = Debug|Any CPU
		{A41B6D72-47C1-4B1A-BD3E-0862566CBF51}.Release|Any CPU.ActiveCfg = Release|Any CPU
		{A41B6D72-47C1-4B1A-BD3E-0862566CBF51}.Release|Any CPU.Build.0 = Release|Any CPU
		{4B15AC37-CD86-4F50-84DE-115301AE209D}.Debug|Any CPU.ActiveCfg = Debug|Any CPU
		{4B15AC37-CD86-4F50-84DE-115301AE209D}.Debug|Any CPU.Build.0 = Debug|Any CPU
		{4B15AC37-CD86-4F50-84DE-115301AE209D}.Release|Any CPU.ActiveCfg = Release|Any CPU
		{4B15AC37-CD86-4F50-84DE-115301AE209D}.Release|Any CPU.Build.0 = Release|Any CPU
	EndGlobalSection
	GlobalSection(SolutionProperties) = preSolution
		HideSolutionNode = FALSE
	EndGlobalSection
	GlobalSection(NestedProjects) = preSolution
		{B123B305-BDAA-48F4-A7B8-5B0CD47357F2} = {50C61B40-1F1C-4E57-AB37-84C4887E330F}
		{E1047ED7-6260-4DA7-97D7-6F71EA504FEE} = {50C61B40-1F1C-4E57-AB37-84C4887E330F}
		{79608B2B-B59A-4DA9-AA1E-4BD098614AF1} = {50C61B40-1F1C-4E57-AB37-84C4887E330F}
		{6C234B0C-8425-4378-8B89-1087EFF4B814} = {50C61B40-1F1C-4E57-AB37-84C4887E330F}
		{7A47CD05-BAC0-42A3-A93D-8CEB469BD0F4} = {50C61B40-1F1C-4E57-AB37-84C4887E330F}
		{E05C80DC-1D79-4A43-BEC3-034214F7EC3F} = {B123B305-BDAA-48F4-A7B8-5B0CD47357F2}
		{8EE58342-5777-4A54-8E85-60CCF5CA1218} = {E1047ED7-6260-4DA7-97D7-6F71EA504FEE}
		{CD0AA08D-1E94-4DAD-A784-106E36F777E0} = {79608B2B-B59A-4DA9-AA1E-4BD098614AF1}
		{389874F0-CB9D-49AC-9C35-D2FD8C7397EC} = {7A47CD05-BAC0-42A3-A93D-8CEB469BD0F4}
		{CE275D73-62D9-48C4-AE75-CC451ED6237D} = {6C234B0C-8425-4378-8B89-1087EFF4B814}
		{D967D9E0-4BBA-41CE-8EB8-FDBFBFA95535} = {6C234B0C-8425-4378-8B89-1087EFF4B814}
		{A41B6D72-47C1-4B1A-BD3E-0862566CBF51} = {B123B305-BDAA-48F4-A7B8-5B0CD47357F2}
		{4B15AC37-CD86-4F50-84DE-115301AE209D} = {6C234B0C-8425-4378-8B89-1087EFF4B814}
	EndGlobalSection
	GlobalSection(ExtensibilityGlobals) = postSolution
		SolutionGuid = {DB639571-243B-46E7-A8A0-0C00B513F24D}
	EndGlobalSection
EndGlobal
