
Microsoft Visual Studio Solution File, Format Version 12.00
# Visual Studio Version 17
VisualStudioVersion = 17.11.35303.130
MinimumVisualStudioVersion = 10.0.40219.1
Project("{FAE04EC0-301F-11D3-BF4B-00C04F79EFBC}") = "Futebol.Domain", "Futebol.Domain\Futebol.Domain.csproj", "{B5DA586B-47D2-48B7-8108-5EA4B0AE7254}"
EndProject
Project("{FAE04EC0-301F-11D3-BF4B-00C04F79EFBC}") = "Futebol.Infrastructure", "Futebol.Infrastructure\Futebol.Infrastructure.csproj", "{8593599E-1CE5-453C-BC29-76B2CF877CA9}"
EndProject
Project("{FAE04EC0-301F-11D3-BF4B-00C04F79EFBC}") = "Futebol.Application", "Futebol.Application\Futebol.Application.csproj", "{A5968B3E-F1E9-4EE4-A6B8-AD81634FA0E5}"
EndProject
Project("{FAE04EC0-301F-11D3-BF4B-00C04F79EFBC}") = "Futebol.Shared", "Futebol.Shared\Futebol.Shared.csproj", "{30BF425A-B88E-4048-8A26-3CE6FEB23CD4}"
EndProject
Project("{FAE04EC0-301F-11D3-BF4B-00C04F79EFBC}") = "Futebol.Api", "Futebol.Api\Futebol.Api.csproj", "{4E663EF9-C1CC-445A-939C-59BBA17D1AE6}"
EndProject
Global
	GlobalSection(SolutionConfigurationPlatforms) = preSolution
		Debug|Any CPU = Debug|Any CPU
		Release|Any CPU = Release|Any CPU
	EndGlobalSection
	GlobalSection(ProjectConfigurationPlatforms) = postSolution
		{B5DA586B-47D2-48B7-8108-5EA4B0AE7254}.Debug|Any CPU.ActiveCfg = Debug|Any CPU
		{B5DA586B-47D2-48B7-8108-5EA4B0AE7254}.Debug|Any CPU.Build.0 = Debug|Any CPU
		{B5DA586B-47D2-48B7-8108-5EA4B0AE7254}.Release|Any CPU.ActiveCfg = Release|Any CPU
		{B5DA586B-47D2-48B7-8108-5EA4B0AE7254}.Release|Any CPU.Build.0 = Release|Any CPU
		{8593599E-1CE5-453C-BC29-76B2CF877CA9}.Debug|Any CPU.ActiveCfg = Debug|Any CPU
		{8593599E-1CE5-453C-BC29-76B2CF877CA9}.Debug|Any CPU.Build.0 = Debug|Any CPU
		{8593599E-1CE5-453C-BC29-76B2CF877CA9}.Release|Any CPU.ActiveCfg = Release|Any CPU
		{8593599E-1CE5-453C-BC29-76B2CF877CA9}.Release|Any CPU.Build.0 = Release|Any CPU
		{A5968B3E-F1E9-4EE4-A6B8-AD81634FA0E5}.Debug|Any CPU.ActiveCfg = Debug|Any CPU
		{A5968B3E-F1E9-4EE4-A6B8-AD81634FA0E5}.Debug|Any CPU.Build.0 = Debug|Any CPU
		{A5968B3E-F1E9-4EE4-A6B8-AD81634FA0E5}.Release|Any CPU.ActiveCfg = Release|Any CPU
		{A5968B3E-F1E9-4EE4-A6B8-AD81634FA0E5}.Release|Any CPU.Build.0 = Release|Any CPU
		{30BF425A-B88E-4048-8A26-3CE6FEB23CD4}.Debug|Any CPU.ActiveCfg = Debug|Any CPU
		{30BF425A-B88E-4048-8A26-3CE6FEB23CD4}.Debug|Any CPU.Build.0 = Debug|Any CPU
		{30BF425A-B88E-4048-8A26-3CE6FEB23CD4}.Release|Any CPU.ActiveCfg = Release|Any CPU
		{30BF425A-B88E-4048-8A26-3CE6FEB23CD4}.Release|Any CPU.Build.0 = Release|Any CPU
		{4E663EF9-C1CC-445A-939C-59BBA17D1AE6}.Debug|Any CPU.ActiveCfg = Debug|Any CPU
		{4E663EF9-C1CC-445A-939C-59BBA17D1AE6}.Debug|Any CPU.Build.0 = Debug|Any CPU
		{4E663EF9-C1CC-445A-939C-59BBA17D1AE6}.Release|Any CPU.ActiveCfg = Release|Any CPU
		{4E663EF9-C1CC-445A-939C-59BBA17D1AE6}.Release|Any CPU.Build.0 = Release|Any CPU
	EndGlobalSection
	GlobalSection(SolutionProperties) = preSolution
		HideSolutionNode = FALSE
	EndGlobalSection
	GlobalSection(ExtensibilityGlobals) = postSolution
		SolutionGuid = {F1364647-6AAE-4E92-924E-32EEB8410D39}
	EndGlobalSection
EndGlobal
